PODS:
  - GLChart (1.2.5):
    - GLChart/Charts (= 1.2.5)
    - GLChart/Components (= 1.2.5)
    - GLChart/Core (= 1.2.5)
  - GLChart/Charts (1.2.5):
    - GLChart/Components
    - GLChart/Core
  - GLChart/Components (1.2.5):
    - GLChart/Core
  - GLChart/Core (1.2.5)

DEPENDENCIES:
  - GLChart (from `../`)

EXTERNAL SOURCES:
  GLChart:
    :path: ../

SPEC CHECKSUMS:
  GLChart: 9952aad4256db73407bdc047e29dba5e4781ea68

PODFILE CHECKSUM: 234f35fe7839058108b3b609177ca52a57afe8e9

COCOAPODS: 1.2.0
