PODS:
  - GLChart (1.2.3):
    - GLChart/Charts (= 1.2.3)
    - GLChart/Components (= 1.2.3)
    - GLChart/Core (= 1.2.3)
  - GLChart/Charts (1.2.3):
    - GLChart/Components
    - GLChart/Core
  - GLChart/Components (1.2.3):
    - GLChart/Core
  - GLChart/Core (1.2.3)

DEPENDENCIES:
  - GLChart (from `../`)

EXTERNAL SOURCES:
  GLChart:
    :path: ../

SPEC CHECKSUMS:
  GLChart: 4f59f6b78a93156094a7291bfa616f8ee7c16679

PODFILE CHECKSUM: 234f35fe7839058108b3b609177ca52a57afe8e9

COCOAPODS: 1.2.0
