PODS:
  - GLChart (1.0.3):
    - GLChart/Charts (= 1.0.3)
    - GLChart/Components (= 1.0.3)
    - GLChart/Core (= 1.0.3)
  - GLChart/Charts (1.0.3):
    - GLChart/Components
    - GLChart/Core
  - GLChart/Components (1.0.3):
    - GLChart/Core
  - GLChart/Core (1.0.3)

DEPENDENCIES:
  - GLChart (from `../`)

EXTERNAL SOURCES:
  GLChart:
    :path: ../

SPEC CHECKSUMS:
  GLChart: d53d5b92a1e39528f1ad8f514b6bb269ac40b433

COCOAPODS: 0.35.0
